
Microsoft Visual Studio Solution File, Format Version 12.00
# Visual Studio Version 17
VisualStudioVersion = 17.13.35931.197 d17.13
MinimumVisualStudioVersion = 10.0.40219.1
Project("{FAE04EC0-301F-11D3-BF4B-00C04F79EFBC}") = "TryCatch_Practice", "TryCatch_Practice\TryCatch_Practice.csproj", "{BB731560-BB20-4B44-B61D-315B1D9F2BA7}"
EndProject
Global
	GlobalSection(SolutionConfigurationPlatforms) = preSolution
		Debug|Any CPU = Debug|Any CPU
		Release|Any CPU = Release|Any CPU
	EndGlobalSection
	GlobalSection(ProjectConfigurationPlatforms) = postSolution
		{BB731560-BB20-4B44-B61D-315B1D9F2BA7}.Debug|Any CPU.ActiveCfg = Debug|Any CPU
		{BB731560-BB20-4B44-B61D-315B1D9F2BA7}.Debug|Any CPU.Build.0 = Debug|Any CPU
		{BB731560-BB20-4B44-B61D-315B1D9F2BA7}.Release|Any CPU.ActiveCfg = Release|Any CPU
		{BB731560-BB20-4B44-B61D-315B1D9F2BA7}.Release|Any CPU.Build.0 = Release|Any CPU
	EndGlobalSection
	GlobalSection(SolutionProperties) = preSolution
		HideSolutionNode = FALSE
	EndGlobalSection
	GlobalSection(ExtensibilityGlobals) = postSolution
		SolutionGuid = {975B8F91-ABCA-40D9-9B1B-404D381C5FA6}
	EndGlobalSection
EndGlobal
